
Microsoft Visual Studio Solution File, Format Version 12.00
# Visual Studio Version 16
VisualStudioVersion = 16.0.28714.193
MinimumVisualStudioVersion = 10.0.40219.1
Project("{930C7802-8A8C-48F9-8165-68863BCCD9DD}") = "UKSF.Launcher.Setup", "UKSF.Launcher.Setup\UKSF.Launcher.Setup.wixproj", "{A2C2F89D-1D5D-4F86-9943-E7436CC823DD}"
	ProjectSection(ProjectDependencies) = postProject
		{EC1C670B-DC32-4E45-B053-9A65CEFE8ADC} = {EC1C670B-DC32-4E45-B053-9A65CEFE8ADC}
		{94CF0DCA-C33F-4541-B47E-8DAB2D17F2F1} = {94CF0DCA-C33F-4541-B47E-8DAB2D17F2F1}
		{0A65381E-8369-407C-A4B0-40E69BA7BB49} = {0A65381E-8369-407C-A4B0-40E69BA7BB49}
		{DE95A025-E954-4BB0-8E94-9530C0A2FB35} = {DE95A025-E954-4BB0-8E94-9530C0A2FB35}
	EndProjectSection
EndProject
Project("{9A19103F-16F7-4668-BE54-9A1E7A4F7556}") = "UKSF.Launcher.Network", "UKSF.Launcher.Network\UKSF.Launcher.Network.csproj", "{0A65381E-8369-407C-A4B0-40E69BA7BB49}"
EndProject
Project("{9A19103F-16F7-4668-BE54-9A1E7A4F7556}") = "UKSF.Old.Launcher", "UKSF.Old.Launcher\UKSF.Old.Launcher.csproj", "{EC1C670B-DC32-4E45-B053-9A65CEFE8ADC}"
EndProject
Project("{9A19103F-16F7-4668-BE54-9A1E7A4F7556}") = "UKSF.Launcher.FastRsync", "UKSF.Launcher.FastRsync\UKSF.Launcher.FastRsync.csproj", "{DE95A025-E954-4BB0-8E94-9530C0A2FB35}"
EndProject
Project("{9A19103F-16F7-4668-BE54-9A1E7A4F7556}") = "UKSF.Launcher.Patching", "UKSF.Launcher.Patching\UKSF.Launcher.Patching.csproj", "{94CF0DCA-C33F-4541-B47E-8DAB2D17F2F1}"
EndProject
Project("{9A19103F-16F7-4668-BE54-9A1E7A4F7556}") = "UKSF.Launcher.Patching.Tests", "UKSF.Launcher.Patching.Tests\UKSF.Launcher.Patching.Tests.csproj", "{10DD1CD8-E77A-4CFC-8521-5974D289686C}"
EndProject
Project("{9A19103F-16F7-4668-BE54-9A1E7A4F7556}") = "UKSF.Launcher.ServerService", "UKSF.Launcher.ServerService\UKSF.Launcher.ServerService.csproj", "{F646C2E7-ED17-4EF7-AF0B-F46A47C84578}"
EndProject
Project("{FAE04EC0-301F-11D3-BF4B-00C04F79EFBC}") = "UKSF.Launcher.Updater", "UKSF.Launcher.Updater\UKSF.Launcher.Updater.csproj", "{F30DCA3C-1CB4-4D01-BAD8-FA954BE94D38}"
EndProject
Project("{FAE04EC0-301F-11D3-BF4B-00C04F79EFBC}") = "FakeDeploy", "FakeDeploy\FakeDeploy.csproj", "{99F17C16-67EB-4027-8B9B-CCF0A969E1B6}"
EndProject
Project("{FAE04EC0-301F-11D3-BF4B-00C04F79EFBC}") = "UKSF.Launcher", "UKSF.Launcher\UKSF.Launcher.csproj", "{00F979B1-23BB-44DE-8D3C-97636D80999A}"
EndProject
Global
	GlobalSection(SolutionConfigurationPlatforms) = preSolution
		Debug|Any CPU = Debug|Any CPU
		Debug|x64 = Debug|x64
		Debug|x86 = Debug|x86
		Release|Any CPU = Release|Any CPU
		Release|x64 = Release|x64
		Release|x86 = Release|x86
	EndGlobalSection
	GlobalSection(ProjectConfigurationPlatforms) = postSolution
		{A2C2F89D-1D5D-4F86-9943-E7436CC823DD}.Debug|Any CPU.ActiveCfg = Debug|x64
		{A2C2F89D-1D5D-4F86-9943-E7436CC823DD}.Debug|x64.ActiveCfg = Debug|x64
		{A2C2F89D-1D5D-4F86-9943-E7436CC823DD}.Debug|x64.Build.0 = Debug|x64
		{A2C2F89D-1D5D-4F86-9943-E7436CC823DD}.Debug|x86.ActiveCfg = Debug|x64
		{A2C2F89D-1D5D-4F86-9943-E7436CC823DD}.Release|Any CPU.ActiveCfg = Release|x64
		{A2C2F89D-1D5D-4F86-9943-E7436CC823DD}.Release|x64.ActiveCfg = Release|x64
		{A2C2F89D-1D5D-4F86-9943-E7436CC823DD}.Release|x64.Build.0 = Release|x64
		{A2C2F89D-1D5D-4F86-9943-E7436CC823DD}.Release|x86.ActiveCfg = Release|x64
		{0A65381E-8369-407C-A4B0-40E69BA7BB49}.Debug|Any CPU.ActiveCfg = Debug|Any CPU
		{0A65381E-8369-407C-A4B0-40E69BA7BB49}.Debug|Any CPU.Build.0 = Debug|Any CPU
		{0A65381E-8369-407C-A4B0-40E69BA7BB49}.Debug|x64.ActiveCfg = Debug|Any CPU
		{0A65381E-8369-407C-A4B0-40E69BA7BB49}.Debug|x64.Build.0 = Debug|Any CPU
		{0A65381E-8369-407C-A4B0-40E69BA7BB49}.Debug|x86.ActiveCfg = Debug|Any CPU
		{0A65381E-8369-407C-A4B0-40E69BA7BB49}.Debug|x86.Build.0 = Debug|Any CPU
		{0A65381E-8369-407C-A4B0-40E69BA7BB49}.Release|Any CPU.ActiveCfg = Release|Any CPU
		{0A65381E-8369-407C-A4B0-40E69BA7BB49}.Release|Any CPU.Build.0 = Release|Any CPU
		{0A65381E-8369-407C-A4B0-40E69BA7BB49}.Release|x64.ActiveCfg = Release|Any CPU
		{0A65381E-8369-407C-A4B0-40E69BA7BB49}.Release|x64.Build.0 = Release|Any CPU
		{0A65381E-8369-407C-A4B0-40E69BA7BB49}.Release|x86.ActiveCfg = Release|Any CPU
		{0A65381E-8369-407C-A4B0-40E69BA7BB49}.Release|x86.Build.0 = Release|Any CPU
		{EC1C670B-DC32-4E45-B053-9A65CEFE8ADC}.Debug|Any CPU.ActiveCfg = Debug|Any CPU
		{EC1C670B-DC32-4E45-B053-9A65CEFE8ADC}.Debug|Any CPU.Build.0 = Debug|Any CPU
		{EC1C670B-DC32-4E45-B053-9A65CEFE8ADC}.Debug|x64.ActiveCfg = Debug|Any CPU
		{EC1C670B-DC32-4E45-B053-9A65CEFE8ADC}.Debug|x64.Build.0 = Debug|Any CPU
		{EC1C670B-DC32-4E45-B053-9A65CEFE8ADC}.Debug|x86.ActiveCfg = Debug|Any CPU
		{EC1C670B-DC32-4E45-B053-9A65CEFE8ADC}.Debug|x86.Build.0 = Debug|Any CPU
		{EC1C670B-DC32-4E45-B053-9A65CEFE8ADC}.Release|Any CPU.ActiveCfg = Release|Any CPU
		{EC1C670B-DC32-4E45-B053-9A65CEFE8ADC}.Release|Any CPU.Build.0 = Release|Any CPU
		{EC1C670B-DC32-4E45-B053-9A65CEFE8ADC}.Release|x64.ActiveCfg = Release|Any CPU
		{EC1C670B-DC32-4E45-B053-9A65CEFE8ADC}.Release|x64.Build.0 = Release|Any CPU
		{EC1C670B-DC32-4E45-B053-9A65CEFE8ADC}.Release|x86.ActiveCfg = Release|Any CPU
		{EC1C670B-DC32-4E45-B053-9A65CEFE8ADC}.Release|x86.Build.0 = Release|Any CPU
		{DE95A025-E954-4BB0-8E94-9530C0A2FB35}.Debug|Any CPU.ActiveCfg = Debug|Any CPU
		{DE95A025-E954-4BB0-8E94-9530C0A2FB35}.Debug|Any CPU.Build.0 = Debug|Any CPU
		{DE95A025-E954-4BB0-8E94-9530C0A2FB35}.Debug|x64.ActiveCfg = Debug|Any CPU
		{DE95A025-E954-4BB0-8E94-9530C0A2FB35}.Debug|x64.Build.0 = Debug|Any CPU
		{DE95A025-E954-4BB0-8E94-9530C0A2FB35}.Debug|x86.ActiveCfg = Debug|Any CPU
		{DE95A025-E954-4BB0-8E94-9530C0A2FB35}.Debug|x86.Build.0 = Debug|Any CPU
		{DE95A025-E954-4BB0-8E94-9530C0A2FB35}.Release|Any CPU.ActiveCfg = Release|Any CPU
		{DE95A025-E954-4BB0-8E94-9530C0A2FB35}.Release|Any CPU.Build.0 = Release|Any CPU
		{DE95A025-E954-4BB0-8E94-9530C0A2FB35}.Release|x64.ActiveCfg = Release|Any CPU
		{DE95A025-E954-4BB0-8E94-9530C0A2FB35}.Release|x64.Build.0 = Release|Any CPU
		{DE95A025-E954-4BB0-8E94-9530C0A2FB35}.Release|x86.ActiveCfg = Release|Any CPU
		{DE95A025-E954-4BB0-8E94-9530C0A2FB35}.Release|x86.Build.0 = Release|Any CPU
		{94CF0DCA-C33F-4541-B47E-8DAB2D17F2F1}.Debug|Any CPU.ActiveCfg = Debug|Any CPU
		{94CF0DCA-C33F-4541-B47E-8DAB2D17F2F1}.Debug|Any CPU.Build.0 = Debug|Any CPU
		{94CF0DCA-C33F-4541-B47E-8DAB2D17F2F1}.Debug|x64.ActiveCfg = Debug|Any CPU
		{94CF0DCA-C33F-4541-B47E-8DAB2D17F2F1}.Debug|x64.Build.0 = Debug|Any CPU
		{94CF0DCA-C33F-4541-B47E-8DAB2D17F2F1}.Debug|x86.ActiveCfg = Debug|Any CPU
		{94CF0DCA-C33F-4541-B47E-8DAB2D17F2F1}.Debug|x86.Build.0 = Debug|Any CPU
		{94CF0DCA-C33F-4541-B47E-8DAB2D17F2F1}.Release|Any CPU.ActiveCfg = Release|Any CPU
		{94CF0DCA-C33F-4541-B47E-8DAB2D17F2F1}.Release|Any CPU.Build.0 = Release|Any CPU
		{94CF0DCA-C33F-4541-B47E-8DAB2D17F2F1}.Release|x64.ActiveCfg = Release|Any CPU
		{94CF0DCA-C33F-4541-B47E-8DAB2D17F2F1}.Release|x64.Build.0 = Release|Any CPU
		{94CF0DCA-C33F-4541-B47E-8DAB2D17F2F1}.Release|x86.ActiveCfg = Release|Any CPU
		{94CF0DCA-C33F-4541-B47E-8DAB2D17F2F1}.Release|x86.Build.0 = Release|Any CPU
		{10DD1CD8-E77A-4CFC-8521-5974D289686C}.Debug|Any CPU.ActiveCfg = Debug|Any CPU
		{10DD1CD8-E77A-4CFC-8521-5974D289686C}.Debug|Any CPU.Build.0 = Debug|Any CPU
		{10DD1CD8-E77A-4CFC-8521-5974D289686C}.Debug|x64.ActiveCfg = Debug|Any CPU
		{10DD1CD8-E77A-4CFC-8521-5974D289686C}.Debug|x64.Build.0 = Debug|Any CPU
		{10DD1CD8-E77A-4CFC-8521-5974D289686C}.Debug|x86.ActiveCfg = Debug|Any CPU
		{10DD1CD8-E77A-4CFC-8521-5974D289686C}.Debug|x86.Build.0 = Debug|Any CPU
		{10DD1CD8-E77A-4CFC-8521-5974D289686C}.Release|Any CPU.ActiveCfg = Release|Any CPU
		{10DD1CD8-E77A-4CFC-8521-5974D289686C}.Release|Any CPU.Build.0 = Release|Any CPU
		{10DD1CD8-E77A-4CFC-8521-5974D289686C}.Release|x64.ActiveCfg = Release|Any CPU
		{10DD1CD8-E77A-4CFC-8521-5974D289686C}.Release|x64.Build.0 = Release|Any CPU
		{10DD1CD8-E77A-4CFC-8521-5974D289686C}.Release|x86.ActiveCfg = Release|Any CPU
		{10DD1CD8-E77A-4CFC-8521-5974D289686C}.Release|x86.Build.0 = Release|Any CPU
		{F646C2E7-ED17-4EF7-AF0B-F46A47C84578}.Debug|Any CPU.ActiveCfg = Debug|Any CPU
		{F646C2E7-ED17-4EF7-AF0B-F46A47C84578}.Debug|Any CPU.Build.0 = Debug|Any CPU
		{F646C2E7-ED17-4EF7-AF0B-F46A47C84578}.Debug|x64.ActiveCfg = Debug|Any CPU
		{F646C2E7-ED17-4EF7-AF0B-F46A47C84578}.Debug|x64.Build.0 = Debug|Any CPU
		{F646C2E7-ED17-4EF7-AF0B-F46A47C84578}.Debug|x86.ActiveCfg = Debug|Any CPU
		{F646C2E7-ED17-4EF7-AF0B-F46A47C84578}.Debug|x86.Build.0 = Debug|Any CPU
		{F646C2E7-ED17-4EF7-AF0B-F46A47C84578}.Release|Any CPU.ActiveCfg = Release|Any CPU
		{F646C2E7-ED17-4EF7-AF0B-F46A47C84578}.Release|Any CPU.Build.0 = Release|Any CPU
		{F646C2E7-ED17-4EF7-AF0B-F46A47C84578}.Release|x64.ActiveCfg = Release|Any CPU
		{F646C2E7-ED17-4EF7-AF0B-F46A47C84578}.Release|x64.Build.0 = Release|Any CPU
		{F646C2E7-ED17-4EF7-AF0B-F46A47C84578}.Release|x86.ActiveCfg = Release|Any CPU
		{F646C2E7-ED17-4EF7-AF0B-F46A47C84578}.Release|x86.Build.0 = Release|Any CPU
		{F30DCA3C-1CB4-4D01-BAD8-FA954BE94D38}.Debug|Any CPU.ActiveCfg = Debug|Any CPU
		{F30DCA3C-1CB4-4D01-BAD8-FA954BE94D38}.Debug|Any CPU.Build.0 = Debug|Any CPU
		{F30DCA3C-1CB4-4D01-BAD8-FA954BE94D38}.Debug|x64.ActiveCfg = Debug|Any CPU
		{F30DCA3C-1CB4-4D01-BAD8-FA954BE94D38}.Debug|x64.Build.0 = Debug|Any CPU
		{F30DCA3C-1CB4-4D01-BAD8-FA954BE94D38}.Debug|x86.ActiveCfg = Debug|Any CPU
		{F30DCA3C-1CB4-4D01-BAD8-FA954BE94D38}.Debug|x86.Build.0 = Debug|Any CPU
		{F30DCA3C-1CB4-4D01-BAD8-FA954BE94D38}.Release|Any CPU.ActiveCfg = Release|Any CPU
		{F30DCA3C-1CB4-4D01-BAD8-FA954BE94D38}.Release|Any CPU.Build.0 = Release|Any CPU
		{F30DCA3C-1CB4-4D01-BAD8-FA954BE94D38}.Release|x64.ActiveCfg = Release|Any CPU
		{F30DCA3C-1CB4-4D01-BAD8-FA954BE94D38}.Release|x64.Build.0 = Release|Any CPU
		{F30DCA3C-1CB4-4D01-BAD8-FA954BE94D38}.Release|x86.ActiveCfg = Release|Any CPU
		{F30DCA3C-1CB4-4D01-BAD8-FA954BE94D38}.Release|x86.Build.0 = Release|Any CPU
		{99F17C16-67EB-4027-8B9B-CCF0A969E1B6}.Debug|Any CPU.ActiveCfg = Debug|Any CPU
		{99F17C16-67EB-4027-8B9B-CCF0A969E1B6}.Debug|Any CPU.Build.0 = Debug|Any CPU
		{99F17C16-67EB-4027-8B9B-CCF0A969E1B6}.Debug|x64.ActiveCfg = Debug|Any CPU
		{99F17C16-67EB-4027-8B9B-CCF0A969E1B6}.Debug|x64.Build.0 = Debug|Any CPU
		{99F17C16-67EB-4027-8B9B-CCF0A969E1B6}.Debug|x86.ActiveCfg = Debug|Any CPU
		{99F17C16-67EB-4027-8B9B-CCF0A969E1B6}.Debug|x86.Build.0 = Debug|Any CPU
		{99F17C16-67EB-4027-8B9B-CCF0A969E1B6}.Release|Any CPU.ActiveCfg = Release|Any CPU
		{99F17C16-67EB-4027-8B9B-CCF0A969E1B6}.Release|Any CPU.Build.0 = Release|Any CPU
		{99F17C16-67EB-4027-8B9B-CCF0A969E1B6}.Release|x64.ActiveCfg = Release|Any CPU
		{99F17C16-67EB-4027-8B9B-CCF0A969E1B6}.Release|x64.Build.0 = Release|Any CPU
		{99F17C16-67EB-4027-8B9B-CCF0A969E1B6}.Release|x86.ActiveCfg = Release|Any CPU
		{99F17C16-67EB-4027-8B9B-CCF0A969E1B6}.Release|x86.Build.0 = Release|Any CPU
		{00F979B1-23BB-44DE-8D3C-97636D80999A}.Debug|Any CPU.ActiveCfg = Debug|Any CPU
		{00F979B1-23BB-44DE-8D3C-97636D80999A}.Debug|Any CPU.Build.0 = Debug|Any CPU
		{00F979B1-23BB-44DE-8D3C-97636D80999A}.Debug|x64.ActiveCfg = Debug|Any CPU
		{00F979B1-23BB-44DE-8D3C-97636D80999A}.Debug|x64.Build.0 = Debug|Any CPU
		{00F979B1-23BB-44DE-8D3C-97636D80999A}.Debug|x86.ActiveCfg = Debug|Any CPU
		{00F979B1-23BB-44DE-8D3C-97636D80999A}.Debug|x86.Build.0 = Debug|Any CPU
		{00F979B1-23BB-44DE-8D3C-97636D80999A}.Release|Any CPU.ActiveCfg = Release|Any CPU
		{00F979B1-23BB-44DE-8D3C-97636D80999A}.Release|Any CPU.Build.0 = Release|Any CPU
		{00F979B1-23BB-44DE-8D3C-97636D80999A}.Release|x64.ActiveCfg = Release|Any CPU
		{00F979B1-23BB-44DE-8D3C-97636D80999A}.Release|x64.Build.0 = Release|Any CPU
		{00F979B1-23BB-44DE-8D3C-97636D80999A}.Release|x86.ActiveCfg = Release|Any CPU
		{00F979B1-23BB-44DE-8D3C-97636D80999A}.Release|x86.Build.0 = Release|Any CPU
	EndGlobalSection
	GlobalSection(SolutionProperties) = preSolution
		HideSolutionNode = FALSE
	EndGlobalSection
	GlobalSection(ExtensibilityGlobals) = postSolution
		SolutionGuid = {26C448A1-73C2-4580-A131-1ACA23ECCC7F}
	EndGlobalSection
EndGlobal
